// !$*UTF8*$!
{
	archiveVersion = 1;
	classes = {
	};
	objectVersion = 77;
	objects = {

/* Begin PBXContainerItemProxy section */
		BBCE5AA02D24E21700180DD5 /* PBXContainerItemProxy */ = {
			isa = PBXContainerItemProxy;
			containerPortal = BBCE5A812D24E21500180DD5 /* Project object */;
			proxyType = 1;
			remoteGlobalIDString = BBCE5A882D24E21500180DD5;
			remoteInfo = exercise1gym;
		};
		BBCE5AAA2D24E21700180DD5 /* PBXContainerItemProxy */ = {
			isa = PBXContainerItemProxy;
			containerPortal = BBCE5A812D24E21500180DD5 /* Project object */;
			proxyType = 1;
			remoteGlobalIDString = BBCE5A882D24E21500180DD5;
			remoteInfo = exercise1gym;
		};
/* End PBXContainerItemProxy section */

/* Begin PBXFileReference section */
		BBCE5A892D24E21500180DD5 /* exercise1gym.app */ = {isa = PBXFileReference; explicitFileType = wrapper.application; includeInIndex = 0; path = exercise1gym.app; sourceTree = BUILT_PRODUCTS_DIR; };
		BBCE5A9F2D24E21700180DD5 /* exercise1gymTests.xctest */ = {isa = PBXFileReference; explicitFileType = wrapper.cfbundle; includeInIndex = 0; path = exercise1gymTests.xctest; sourceTree = BUILT_PRODUCTS_DIR; };
		BBCE5AA92D24E21700180DD5 /* exercise1gymUITests.xctest */ = {isa = PBXFileReference; explicitFileType = wrapper.cfbundle; includeInIndex = 0; path = exercise1gymUITests.xctest; sourceTree = BUILT_PRODUCTS_DIR; };
/* End PBXFileReference section */

/* Begin PBXFileSystemSynchronizedBuildFileExceptionSet section */
		BBCE5AB12D24E21700180DD5 /* Exceptions for "exercise1gym" folder in "exercise1gym" target */ = {
			isa = PBXFileSystemSynchronizedBuildFileExceptionSet;
			membershipExceptions = (
				Info.plist,
			);
			target = BBCE5A882D24E21500180DD5 /* exercise1gym */;
		};
/* End PBXFileSystemSynchronizedBuildFileExceptionSet section */

/* Begin PBXFileSystemSynchronizedRootGroup section */
		BBCE5A8B2D24E21500180DD5 /* exercise1gym */ = {
			isa = PBXFileSystemSynchronizedRootGroup;
			exceptions = (
				BBCE5AB12D24E21700180DD5 /* Exceptions for "exercise1gym" folder in "exercise1gym" target */,
			);
			path = exercise1gym;
			sourceTree = "<group>";
		};
		BBCE5AA22D24E21700180DD5 /* exercise1gymTests */ = {
			isa = PBXFileSystemSynchronizedRootGroup;
			path = exercise1gymTests;
			sourceTree = "<group>";
		};
		BBCE5AAC2D24E21700180DD5 /* exercise1gymUITests */ = {
			isa = PBXFileSystemSynchronizedRootGroup;
			path = exercise1gymUITests;
			sourceTree = "<group>";
		};
/* End PBXFileSystemSynchronizedRootGroup section */

/* Begin PBXFrameworksBuildPhase section */
		BBCE5A862D24E21500180DD5 /* Frameworks */ = {
			isa = PBXFrameworksBuildPhase;
			buildActionMask = 2147483647;
			files = (
			);
			runOnlyForDeploymentPostprocessing = 0;
		};
		BBCE5A9C2D24E21700180DD5 /* Frameworks */ = {
			isa = PBXFrameworksBuildPhase;
			buildActionMask = 2147483647;
			files = (
			);
			runOnlyForDeploymentPostprocessing = 0;
		};
		BBCE5AA62D24E21700180DD5 /* Frameworks */ = {
			isa = PBXFrameworksBuildPhase;
			buildActionMask = 2147483647;
			files = (
			);
			runOnlyForDeploymentPostprocessing = 0;
		};
/* End PBXFrameworksBuildPhase section */

/* Begin PBXGroup section */
		BBCE5A802D24E21500180DD5 = {
			isa = PBXGroup;
			children = (
				BBCE5A8B2D24E21500180DD5 /* exercise1gym */,
				BBCE5AA22D24E21700180DD5 /* exercise1gymTests */,
				BBCE5AAC2D24E21700180DD5 /* exercise1gymUITests */,
				BBCE5A8A2D24E21500180DD5 /* Products */,
			);
			sourceTree = "<group>";
		};
		BBCE5A8A2D24E21500180DD5 /* Products */ = {
			isa = PBXGroup;
			children = (
				BBCE5A892D24E21500180DD5 /* exercise1gym.app */,
				BBCE5A9F2D24E21700180DD5 /* exercise1gymTests.xctest */,
				BBCE5AA92D24E21700180DD5 /* exercise1gymUITests.xctest */,
			);
			name = Products;
			sourceTree = "<group>";
		};
/* End PBXGroup section */

/* Begin PBXNativeTarget section */
		BBCE5A882D24E21500180DD5 /* exercise1gym */ = {
			isa = PBXNativeTarget;
			buildConfigurationList = BBCE5AB22D24E21700180DD5 /* Build configuration list for PBXNativeTarget "exercise1gym" */;
			buildPhases = (
				BBCE5A852D24E21500180DD5 /* Sources */,
				BBCE5A862D24E21500180DD5 /* Frameworks */,
				BBCE5A872D24E21500180DD5 /* Resources */,
			);
			buildRules = (
			);
			dependencies = (
			);
			fileSystemSynchronizedGroups = (
				BBCE5A8B2D24E21500180DD5 /* exercise1gym */,
			);
			name = exercise1gym;
			packageProductDependencies = (
			);
			productName = exercise1gym;
			productReference = BBCE5A892D24E21500180DD5 /* exercise1gym.app */;
			productType = "com.apple.product-type.application";
		};
		BBCE5A9E2D24E21700180DD5 /* exercise1gymTests */ = {
			isa = PBXNativeTarget;
			buildConfigurationList = BBCE5AB72D24E21700180DD5 /* Build configuration list for PBXNativeTarget "exercise1gymTests" */;
			buildPhases = (
				BBCE5A9B2D24E21700180DD5 /* Sources */,
				BBCE5A9C2D24E21700180DD5 /* Frameworks */,
				BBCE5A9D2D24E21700180DD5 /* Resources */,
			);
			buildRules = (
			);
			dependencies = (
				BBCE5AA12D24E21700180DD5 /* PBXTargetDependency */,
			);
			fileSystemSynchronizedGroups = (
				BBCE5AA22D24E21700180DD5 /* exercise1gymTests */,
			);
			name = exercise1gymTests;
			packageProductDependencies = (
			);
			productName = exercise1gymTests;
			productReference = BBCE5A9F2D24E21700180DD5 /* exercise1gymTests.xctest */;
			productType = "com.apple.product-type.bundle.unit-test";
		};
		BBCE5AA82D24E21700180DD5 /* exercise1gymUITests */ = {
			isa = PBXNativeTarget;
			buildConfigurationList = BBCE5ABA2D24E21700180DD5 /* Build configuration list for PBXNativeTarget "exercise1gymUITests" */;
			buildPhases = (
				BBCE5AA52D24E21700180DD5 /* Sources */,
				BBCE5AA62D24E21700180DD5 /* Frameworks */,
				BBCE5AA72D24E21700180DD5 /* Resources */,
			);
			buildRules = (
			);
			dependencies = (
				BBCE5AAB2D24E21700180DD5 /* PBXTargetDependency */,
			);
			fileSystemSynchronizedGroups = (
				BBCE5AAC2D24E21700180DD5 /* exercise1gymUITests */,
			);
			name = exercise1gymUITests;
			packageProductDependencies = (
			);
			productName = exercise1gymUITests;
			productReference = BBCE5AA92D24E21700180DD5 /* exercise1gymUITests.xctest */;
			productType = "com.apple.product-type.bundle.ui-testing";
		};
/* End PBXNativeTarget section */

/* Begin PBXProject section */
		BBCE5A812D24E21500180DD5 /* Project object */ = {
			isa = PBXProject;
			attributes = {
				BuildIndependentTargetsInParallel = 1;
				LastSwiftUpdateCheck = 1600;
				LastUpgradeCheck = 1600;
				TargetAttributes = {
					BBCE5A882D24E21500180DD5 = {
						CreatedOnToolsVersion = 16.0;
					};
					BBCE5A9E2D24E21700180DD5 = {
						CreatedOnToolsVersion = 16.0;
						TestTargetID = BBCE5A882D24E21500180DD5;
					};
					BBCE5AA82D24E21700180DD5 = {
						CreatedOnToolsVersion = 16.0;
						TestTargetID = BBCE5A882D24E21500180DD5;
					};
				};
			};
			buildConfigurationList = BBCE5A842D24E21500180DD5 /* Build configuration list for PBXProject "exercise1gym" */;
			developmentRegion = en;
			hasScannedForEncodings = 0;
			knownRegions = (
				en,
				Base,
			);
			mainGroup = BBCE5A802D24E21500180DD5;
			minimizedProjectReferenceProxies = 1;
			preferredProjectObjectVersion = 77;
			productRefGroup = BBCE5A8A2D24E21500180DD5 /* Products */;
			projectDirPath = "";
			projectRoot = "";
			targets = (
				BBCE5A882D24E21500180DD5 /* exercise1gym */,
				BBCE5A9E2D24E21700180DD5 /* exercise1gymTests */,
				BBCE5AA82D24E21700180DD5 /* exercise1gymUITests */,
			);
		};
/* End PBXProject section */

/* Begin PBXResourcesBuildPhase section */
		BBCE5A872D24E21500180DD5 /* Resources */ = {
			isa = PBXResourcesBuildPhase;
			buildActionMask = 2147483647;
			files = (
			);
			runOnlyForDeploymentPostprocessing = 0;
		};
		BBCE5A9D2D24E21700180DD5 /* Resources */ = {
			isa = PBXResourcesBuildPhase;
			buildActionMask = 2147483647;
			files = (
			);
			runOnlyForDeploymentPostprocessing = 0;
		};
		BBCE5AA72D24E21700180DD5 /* Resources */ = {
			isa = PBXResourcesBuildPhase;
			buildActionMask = 2147483647;
			files = (
			);
			runOnlyForDeploymentPostprocessing = 0;
		};
/* End PBXResourcesBuildPhase section */

/* Begin PBXSourcesBuildPhase section */
		BBCE5A852D24E21500180DD5 /* Sources */ = {
			isa = PBXSourcesBuildPhase;
			buildActionMask = 2147483647;
			files = (
			);
			runOnlyForDeploymentPostprocessing = 0;
		};
		BBCE5A9B2D24E21700180DD5 /* Sources */ = {
			isa = PBXSourcesBuildPhase;
			buildActionMask = 2147483647;
			files = (
			);
			runOnlyForDeploymentPostprocessing = 0;
		};
		BBCE5AA52D24E21700180DD5 /* Sources */ = {
			isa = PBXSourcesBuildPhase;
			buildActionMask = 2147483647;
			files = (
			);
			runOnlyForDeploymentPostprocessing = 0;
		};
/* End PBXSourcesBuildPhase section */

/* Begin PBXTargetDependency section */
		BBCE5AA12D24E21700180DD5 /* PBXTargetDependency */ = {
			isa = PBXTargetDependency;
			target = BBCE5A882D24E21500180DD5 /* exercise1gym */;
			targetProxy = BBCE5AA02D24E21700180DD5 /* PBXContainerItemProxy */;
		};
		BBCE5AAB2D24E21700180DD5 /* PBXTargetDependency */ = {
			isa = PBXTargetDependency;
			target = BBCE5A882D24E21500180DD5 /* exercise1gym */;
			targetProxy = BBCE5AAA2D24E21700180DD5 /* PBXContainerItemProxy */;
		};
/* End PBXTargetDependency section */

/* Begin XCBuildConfiguration section */
		BBCE5AB32D24E21700180DD5 /* Debug */ = {
			isa = XCBuildConfiguration;
			buildSettings = {
				ASSETCATALOG_COMPILER_APPICON_NAME = AppIcon;
				ASSETCATALOG_COMPILER_GLOBAL_ACCENT_COLOR_NAME = AccentColor;
				CODE_SIGN_STYLE = Automatic;
				CURRENT_PROJECT_VERSION = 1;
				DEVELOPMENT_TEAM = 4T4LCYB538;
				GENERATE_INFOPLIST_FILE = YES;
				INFOPLIST_FILE = exercise1gym/Info.plist;
				INFOPLIST_KEY_UIApplicationSupportsIndirectInputEvents = YES;
				INFOPLIST_KEY_UILaunchStoryboardName = LaunchScreen;
				INFOPLIST_KEY_UIMainStoryboardFile = Main;
				INFOPLIST_KEY_UISupportedInterfaceOrientations_iPad = "UIInterfaceOrientationPortrait UIInterfaceOrientationPortraitUpsideDown UIInterfaceOrientationLandscapeLeft UIInterfaceOrientationLandscapeRight";
				INFOPLIST_KEY_UISupportedInterfaceOrientations_iPhone = "UIInterfaceOrientationPortrait UIInterfaceOrientationLandscapeLeft UIInterfaceOrientationLandscapeRight";
				LD_RUNPATH_SEARCH_PATHS = (
					"$(inherited)",
					"@executable_path/Frameworks",
				);
				MARKETING_VERSION = 1.0;
				PRODUCT_BUNDLE_IDENTIFIER = yashJagtap.exercise1gym;
				PRODUCT_NAME = "$(TARGET_NAME)";
				SWIFT_EMIT_LOC_STRINGS = YES;
				SWIFT_VERSION = 5.0;
				TARGETED_DEVICE_FAMILY = "1,2";
			};
			name = Debug;
		};
		BBCE5AB42D24E21700180DD5 /* Release */ = {
			isa = XCBuildConfiguration;
			buildSettings = {
				ASSETCATALOG_COMPILER_APPICON_NAME = AppIcon;
				ASSETCATALOG_COMPILER_GLOBAL_ACCENT_COLOR_NAME = AccentColor;
				CODE_SIGN_STYLE = Automatic;
				CURRENT_PROJECT_VERSION = 1;
				DEVELOPMENT_TEAM = 4T4LCYB538;
				GENERATE_INFOPLIST_FILE = YES;
				INFOPLIST_FILE = exercise1gym/Info.plist;
				INFOPLIST_KEY_UIApplicationSupportsIndirectInputEvents = YES;
				INFOPLIST_KEY_UILaunchStoryboardName = LaunchScreen;
				INFOPLIST_KEY_UIMainStoryboardFile = Main;
				INFOPLIST_KEY_UISupportedInterfaceOrientations_iPad = "UIInterfaceOrientationPortrait UIInterfaceOrientationPortraitUpsideDown UIInterfaceOrientationLandscapeLeft UIInterfaceOrientationLandscapeRight";
				INFOPLIST_KEY_UISupportedInterfaceOrientations_iPhone = "UIInterfaceOrientationPortrait UIInterfaceOrientationLandscapeLeft UIInterfaceOrientationLandscapeRight";
				LD_RUNPATH_SEARCH_PATHS = (
					"$(inherited)",
					"@executable_path/Frameworks",
				);
				MARKETING_VERSION = 1.0;
				PRODUCT_BUNDLE_IDENTIFIER = yashJagtap.exercise1gym;
				PRODUCT_NAME = "$(TARGET_NAME)";
				SWIFT_EMIT_LOC_STRINGS = YES;
				SWIFT_VERSION = 5.0;
				TARGETED_DEVICE_FAMILY = "1,2";
			};
			name = Release;
		};
		BBCE5AB52D24E21700180DD5 /* Debug */ = {
			isa = XCBuildConfiguration;
			buildSettings = {
				ALWAYS_SEARCH_USER_PATHS = NO;
				ASSETCATALOG_COMPILER_GENERATE_SWIFT_ASSET_SYMBOL_EXTENSIONS = YES;
				CLANG_ANALYZER_NONNULL = YES;
				CLANG_ANALYZER_NUMBER_OBJECT_CONVERSION = YES_AGGRESSIVE;
				CLANG_CXX_LANGUAGE_STANDARD = "gnu++20";
				CLANG_ENABLE_MODULES = YES;
				CLANG_ENABLE_OBJC_ARC = YES;
				CLANG_ENABLE_OBJC_WEAK = YES;
				CLANG_WARN_BLOCK_CAPTURE_AUTORELEASING = YES;
				CLANG_WARN_BOOL_CONVERSION = YES;
				CLANG_WARN_COMMA = YES;
				CLANG_WARN_CONSTANT_CONVERSION = YES;
				CLANG_WARN_DEPRECATED_OBJC_IMPLEMENTATIONS = YES;
				CLANG_WARN_DIRECT_OBJC_ISA_USAGE = YES_ERROR;
				CLANG_WARN_DOCUMENTATION_COMMENTS = YES;
				CLANG_WARN_EMPTY_BODY = YES;
				CLANG_WARN_ENUM_CONVERSION = YES;
				CLANG_WARN_INFINITE_RECURSION = YES;
				CLANG_WARN_INT_CONVERSION = YES;
				CLANG_WARN_NON_LITERAL_NULL_CONVERSION = YES;
				CLANG_WARN_OBJC_IMPLICIT_RETAIN_SELF = YES;
				CLANG_WARN_OBJC_LITERAL_CONVERSION = YES;
				CLANG_WARN_OBJC_ROOT_CLASS = YES_ERROR;
				CLANG_WARN_QUOTED_INCLUDE_IN_FRAMEWORK_HEADER = YES;
				CLANG_WARN_RANGE_LOOP_ANALYSIS = YES;
				CLANG_WARN_STRICT_PROTOTYPES = YES;
				CLANG_WARN_SUSPICIOUS_MOVE = YES;
				CLANG_WARN_UNGUARDED_AVAILABILITY = YES_AGGRESSIVE;
				CLANG_WARN_UNREACHABLE_CODE = YES;
				CLANG_WARN__DUPLICATE_METHOD_MATCH = YES;
				COPY_PHASE_STRIP = NO;
				DEBUG_INFORMATION_FORMAT = dwarf;
				ENABLE_STRICT_OBJC_MSGSEND = YES;
				ENABLE_TESTABILITY = YES;
				ENABLE_USER_SCRIPT_SANDBOXING = YES;
				GCC_C_LANGUAGE_STANDARD = gnu17;
				GCC_DYNAMIC_NO_PIC = NO;
				GCC_NO_COMMON_BLOCKS = YES;
				GCC_OPTIMIZATION_LEVEL = 0;
				GCC_PREPROCESSOR_DEFINITIONS = (
					"DEBUG=1",
					"$(inherited)",
				);
				GCC_WARN_64_TO_32_BIT_CONVERSION = YES;
				GCC_WARN_ABOUT_RETURN_TYPE = YES_ERROR;
				GCC_WARN_UNDECLARED_SELECTOR = YES;
				GCC_WARN_UNINITIALIZED_AUTOS = YES_AGGRESSIVE;
				GCC_WARN_UNUSED_FUNCTION = YES;
				GCC_WARN_UNUSED_VARIABLE = YES;
				IPHONEOS_DEPLOYMENT_TARGET = 18.0;
				LOCALIZATION_PREFERS_STRING_CATALOGS = YES;
				MTL_ENABLE_DEBUG_INFO = INCLUDE_SOURCE;
				MTL_FAST_MATH = YES;
				ONLY_ACTIVE_ARCH = YES;
				SDKROOT = iphoneos;
				SWIFT_ACTIVE_COMPILATION_CONDITIONS = "DEBUG $(inherited)";
				SWIFT_OPTIMIZATION_LEVEL = "-Onone";
			};
			name = Debug;
		};
		BBCE5AB62D24E21700180DD5 /* Release */ = {
			isa = XCBuildConfiguration;
			buildSettings = {
				ALWAYS_SEARCH_USER_PATHS = NO;
				ASSETCATALOG_COMPILER_GENERATE_SWIFT_ASSET_SYMBOL_EXTENSIONS = YES;
				CLANG_ANALYZER_NONNULL = YES;
				CLANG_ANALYZER_NUMBER_OBJECT_CONVERSION = YES_AGGRESSIVE;
				CLANG_CXX_LANGUAGE_STANDARD = "gnu++20";
				CLANG_ENABLE_MODULES = YES;
				CLANG_ENABLE_OBJC_ARC = YES;
				CLANG_ENABLE_OBJC_WEAK = YES;
				CLANG_WARN_BLOCK_CAPTURE_AUTORELEASING = YES;
				CLANG_WARN_BOOL_CONVERSION = YES;
				CLANG_WARN_COMMA = YES;
				CLANG_WARN_CONSTANT_CONVERSION = YES;
				CLANG_WARN_DEPRECATED_OBJC_IMPLEMENTATIONS = YES;
				CLANG_WARN_DIRECT_OBJC_ISA_USAGE = YES_ERROR;
				CLANG_WARN_DOCUMENTATION_COMMENTS = YES;
				CLANG_WARN_EMPTY_BODY = YES;
				CLANG_WARN_ENUM_CONVERSION = YES;
				CLANG_WARN_INFINITE_RECURSION = YES;
				CLANG_WARN_INT_CONVERSION = YES;
				CLANG_WARN_NON_LITERAL_NULL_CONVERSION = YES;
				CLANG_WARN_OBJC_IMPLICIT_RETAIN_SELF = YES;
				CLANG_WARN_OBJC_LITERAL_CONVERSION = YES;
				CLANG_WARN_OBJC_ROOT_CLASS = YES_ERROR;
				CLANG_WARN_QUOTED_INCLUDE_IN_FRAMEWORK_HEADER = YES;
				CLANG_WARN_RANGE_LOOP_ANALYSIS = YES;
				CLANG_WARN_STRICT_PROTOTYPES = YES;
				CLANG_WARN_SUSPICIOUS_MOVE = YES;
				CLANG_WARN_UNGUARDED_AVAILABILITY = YES_AGGRESSIVE;
				CLANG_WARN_UNREACHABLE_CODE = YES;
				CLANG_WARN__DUPLICATE_METHOD_MATCH = YES;
				COPY_PHASE_STRIP = NO;
				DEBUG_INFORMATION_FORMAT = "dwarf-with-dsym";
				ENABLE_NS_ASSERTIONS = NO;
				ENABLE_STRICT_OBJC_MSGSEND = YES;
				ENABLE_USER_SCRIPT_SANDBOXING = YES;
				GCC_C_LANGUAGE_STANDARD = gnu17;
				GCC_NO_COMMON_BLOCKS = YES;
				GCC_WARN_64_TO_32_BIT_CONVERSION = YES;
				GCC_WARN_ABOUT_RETURN_TYPE = YES_ERROR;
				GCC_WARN_UNDECLARED_SELECTOR = YES;
				GCC_WARN_UNINITIALIZED_AUTOS = YES_AGGRESSIVE;
				GCC_WARN_UNUSED_FUNCTION = YES;
				GCC_WARN_UNUSED_VARIABLE = YES;
				IPHONEOS_DEPLOYMENT_TARGET = 18.0;
				LOCALIZATION_PREFERS_STRING_CATALOGS = YES;
				MTL_ENABLE_DEBUG_INFO = NO;
				MTL_FAST_MATH = YES;
				SDKROOT = iphoneos;
				SWIFT_COMPILATION_MODE = wholemodule;
				VALIDATE_PRODUCT = YES;
			};
			name = Release;
		};
		BBCE5AB82D24E21700180DD5 /* Debug */ = {
			isa = XCBuildConfiguration;
			buildSettings = {
				BUNDLE_LOADER = "$(TEST_HOST)";
				CODE_SIGN_STYLE = Automatic;
				CURRENT_PROJECT_VERSION = 1;
				DEVELOPMENT_TEAM = 4T4LCYB538;
				GENERATE_INFOPLIST_FILE = YES;
				IPHONEOS_DEPLOYMENT_TARGET = 18.0;
				MARKETING_VERSION = 1.0;
				PRODUCT_BUNDLE_IDENTIFIER = yashJagtap.exercise1gymTests;
				PRODUCT_NAME = "$(TARGET_NAME)";
				SWIFT_EMIT_LOC_STRINGS = NO;
				SWIFT_VERSION = 5.0;
				TARGETED_DEVICE_FAMILY = "1,2";
				TEST_HOST = "$(BUILT_PRODUCTS_DIR)/exercise1gym.app/$(BUNDLE_EXECUTABLE_FOLDER_PATH)/exercise1gym";
			};
			name = Debug;
		};
		BBCE5AB92D24E21700180DD5 /* Release */ = {
			isa = XCBuildConfiguration;
			buildSettings = {
				BUNDLE_LOADER = "$(TEST_HOST)";
				CODE_SIGN_STYLE = Automatic;
				CURRENT_PROJECT_VERSION = 1;
				DEVELOPMENT_TEAM = 4T4LCYB538;
				GENERATE_INFOPLIST_FILE = YES;
				IPHONEOS_DEPLOYMENT_TARGET = 18.0;
				MARKETING_VERSION = 1.0;
				PRODUCT_BUNDLE_IDENTIFIER = yashJagtap.exercise1gymTests;
				PRODUCT_NAME = "$(TARGET_NAME)";
				SWIFT_EMIT_LOC_STRINGS = NO;
				SWIFT_VERSION = 5.0;
				TARGETED_DEVICE_FAMILY = "1,2";
				TEST_HOST = "$(BUILT_PRODUCTS_DIR)/exercise1gym.app/$(BUNDLE_EXECUTABLE_FOLDER_PATH)/exercise1gym";
			};
			name = Release;
		};
		BBCE5ABB2D24E21700180DD5 /* Debug */ = {
			isa = XCBuildConfiguration;
			buildSettings = {
				CODE_SIGN_STYLE = Automatic;
				CURRENT_PROJECT_VERSION = 1;
				DEVELOPMENT_TEAM = 4T4LCYB538;
				GENERATE_INFOPLIST_FILE = YES;
				MARKETING_VERSION = 1.0;
				PRODUCT_BUNDLE_IDENTIFIER = yashJagtap.exercise1gymUITests;
				PRODUCT_NAME = "$(TARGET_NAME)";
				SWIFT_EMIT_LOC_STRINGS = NO;
				SWIFT_VERSION = 5.0;
				TARGETED_DEVICE_FAMILY = "1,2";
				TEST_TARGET_NAME = exercise1gym;
			};
			name = Debug;
		};
		BBCE5ABC2D24E21700180DD5 /* Release */ = {
			isa = XCBuildConfiguration;
			buildSettings = {
				CODE_SIGN_STYLE = Automatic;
				CURRENT_PROJECT_VERSION = 1;
				DEVELOPMENT_TEAM = 4T4LCYB538;
				GENERATE_INFOPLIST_FILE = YES;
				MARKETING_VERSION = 1.0;
				PRODUCT_BUNDLE_IDENTIFIER = yashJagtap.exercise1gymUITests;
				PRODUCT_NAME = "$(TARGET_NAME)";
				SWIFT_EMIT_LOC_STRINGS = NO;
				SWIFT_VERSION = 5.0;
				TARGETED_DEVICE_FAMILY = "1,2";
				TEST_TARGET_NAME = exercise1gym;
			};
			name = Release;
		};
/* End XCBuildConfiguration section */

/* Begin XCConfigurationList section */
		BBCE5A842D24E21500180DD5 /* Build configuration list for PBXProject "exercise1gym" */ = {
			isa = XCConfigurationList;
			buildConfigurations = (
				BBCE5AB52D24E21700180DD5 /* Debug */,
				BBCE5AB62D24E21700180DD5 /* Release */,
			);
			defaultConfigurationIsVisible = 0;
			defaultConfigurationName = Release;
		};
		BBCE5AB22D24E21700180DD5 /* Build configuration list for PBXNativeTarget "exercise1gym" */ = {
			isa = XCConfigurationList;
			buildConfigurations = (
				BBCE5AB32D24E21700180DD5 /* Debug */,
				BBCE5AB42D24E21700180DD5 /* Release */,
			);
			defaultConfigurationIsVisible = 0;
			defaultConfigurationName = Release;
		};
		BBCE5AB72D24E21700180DD5 /* Build configuration list for PBXNativeTarget "exercise1gymTests" */ = {
			isa = XCConfigurationList;
			buildConfigurations = (
				BBCE5AB82D24E21700180DD5 /* Debug */,
				BBCE5AB92D24E21700180DD5 /* Release */,
			);
			defaultConfigurationIsVisible = 0;
			defaultConfigurationName = Release;
		};
		BBCE5ABA2D24E21700180DD5 /* Build configuration list for PBXNativeTarget "exercise1gymUITests" */ = {
			isa = XCConfigurationList;
			buildConfigurations = (
				BBCE5ABB2D24E21700180DD5 /* Debug */,
				BBCE5ABC2D24E21700180DD5 /* Release */,
			);
			defaultConfigurationIsVisible = 0;
			defaultConfigurationName = Release;
		};
/* End XCConfigurationList section */
	};
	rootObject = BBCE5A812D24E21500180DD5 /* Project object */;
}
